
Microsoft Visual Studio Solution File, Format Version 12.00
# Visual Studio Version 17
VisualStudioVersion = 17.0.31717.71
MinimumVisualStudioVersion = 10.0.40219.1
Project("{FAE04EC0-301F-11D3-BF4B-00C04F79EFBC}") = "Lab9", "Lab9.csproj", "{7770C58D-65F0-4C4E-860A-1E146DAAF7FA}"
EndProject
Global
	GlobalSection(SolutionConfigurationPlatforms) = preSolution
		Debug|Any CPU = Debug|Any CPU
		Release|Any CPU = Release|Any CPU
	EndGlobalSection
	GlobalSection(ProjectConfigurationPlatforms) = postSolution
		{7770C58D-65F0-4C4E-860A-1E146DAAF7FA}.Debug|Any CPU.ActiveCfg = Debug|Any CPU
		{7770C58D-65F0-4C4E-860A-1E146DAAF7FA}.Debug|Any CPU.Build.0 = Debug|Any CPU
		{7770C58D-65F0-4C4E-860A-1E146DAAF7FA}.Release|Any CPU.ActiveCfg = Release|Any CPU
		{7770C58D-65F0-4C4E-860A-1E146DAAF7FA}.Release|Any CPU.Build.0 = Release|Any CPU
	EndGlobalSection
	GlobalSection(SolutionProperties) = preSolution
		HideSolutionNode = FALSE
	EndGlobalSection
	GlobalSection(ExtensibilityGlobals) = postSolution
		SolutionGuid = {35EA2425-3E7B-44E7-B428-A6526FF9FD6F}
	EndGlobalSection
EndGlobal
